GEM
  remote: https://rubygems.org/
  specs:
    atk (4.3.4)
      glib2 (= 4.3.4)
      rake
    cairo (1.18.4)
      native-package-installer (>= 1.0.3)
      pkg-config (>= 1.2.2)
      red-colors
    cairo-gobject (4.3.4)
      cairo (>= 1.16.2)
      glib2 (= 4.3.4)
    fiddle (1.1.8)
    gdk3 (4.3.4)
      cairo-gobject (= 4.3.4)
      gdk_pixbuf2 (= 4.3.4)
      pango (= 4.3.4)
      rake
    gdk_pixbuf2 (4.3.4)
      gio2 (= 4.3.4)
      rake
    gio2 (4.3.4)
      fiddle
      gobject-introspection (= 4.3.4)
    glib2 (4.3.4)
      native-package-installer (>= 1.0.3)
      pkg-config (>= 1.3.5)
    gobject-introspection (4.3.4)
      glib2 (= 4.3.4)
    gtk3 (4.3.4)
      atk (= 4.3.4)
      gdk3 (= 4.3.4)
    json (2.18.0)
    matrix (0.4.3)
    native-package-installer (1.1.9)
    pango (4.3.4)
      cairo-gobject (= 4.3.4)
      gobject-introspection (= 4.3.4)
    pkg-config (1.6.5)
    rake (13.3.1)
    red-colors (0.4.0)
      json
      matrix
    zeitwerk (2.8.3)

PLATFORMS
  ruby
  x86_64-linux

DEPENDENCIES
  gobject-introspection
  gtk3
  zeitwerk

BUNDLED WITH
   2.7.2
